
Microsoft Visual Studio Solution File, Format Version 12.00
# Visual Studio Version 17
VisualStudioVersion = 17.7.34031.279
MinimumVisualStudioVersion = 10.0.40219.1
Project("{FAE04EC0-301F-11D3-BF4B-00C04F79EFBC}") = "Framework", "Framework\Framework.csproj", "{8F0BD1AC-9D13-4B14-8E41-7FBDF0673825}"
EndProject
Project("{FAE04EC0-301F-11D3-BF4B-00C04F79EFBC}") = "Tests", "Tests\Tests.csproj", "{5E5AE72A-994A-4D97-93A4-75EE04668AD5}"
EndProject
Global
	GlobalSection(SolutionConfigurationPlatforms) = preSolution
		Debug|Any CPU = Debug|Any CPU
		Release|Any CPU = Release|Any CPU
	EndGlobalSection
	GlobalSection(ProjectConfigurationPlatforms) = postSolution
		{8F0BD1AC-9D13-4B14-8E41-7FBDF0673825}.Debug|Any CPU.ActiveCfg = Debug|Any CPU
		{8F0BD1AC-9D13-4B14-8E41-7FBDF0673825}.Debug|Any CPU.Build.0 = Debug|Any CPU
		{8F0BD1AC-9D13-4B14-8E41-7FBDF0673825}.Release|Any CPU.ActiveCfg = Release|Any CPU
		{8F0BD1AC-9D13-4B14-8E41-7FBDF0673825}.Release|Any CPU.Build.0 = Release|Any CPU
		{5E5AE72A-994A-4D97-93A4-75EE04668AD5}.Debug|Any CPU.ActiveCfg = Debug|Any CPU
		{5E5AE72A-994A-4D97-93A4-75EE04668AD5}.Debug|Any CPU.Build.0 = Debug|Any CPU
		{5E5AE72A-994A-4D97-93A4-75EE04668AD5}.Release|Any CPU.ActiveCfg = Release|Any CPU
		{5E5AE72A-994A-4D97-93A4-75EE04668AD5}.Release|Any CPU.Build.0 = Release|Any CPU
	EndGlobalSection
	GlobalSection(SolutionProperties) = preSolution
		HideSolutionNode = FALSE
	EndGlobalSection
	GlobalSection(ExtensibilityGlobals) = postSolution
		SolutionGuid = {A2A77146-5024-4F8A-A4E1-4AC64A013729}
	EndGlobalSection
EndGlobal
